
Microsoft Visual Studio Solution File, Format Version 12.00
# Visual Studio Version 17
VisualStudioVersion = 17.14.37027.9
MinimumVisualStudioVersion = 10.0.40219.1
Project("{FAE04EC0-301F-11D3-BF4B-00C04F79EFBC}") = "StudioFlow", "StudioFlow\StudioFlow.csproj", "{F05606A1-6BEA-4C85-A1F9-D99C30AE68FB}"
EndProject
Global
	GlobalSection(SolutionConfigurationPlatforms) = preSolution
		Debug|Any CPU = Debug|Any CPU
		Release|Any CPU = Release|Any CPU
	EndGlobalSection
	GlobalSection(ProjectConfigurationPlatforms) = postSolution
		{F05606A1-6BEA-4C85-A1F9-D99C30AE68FB}.Debug|Any CPU.ActiveCfg = Debug|Any CPU
		{F05606A1-6BEA-4C85-A1F9-D99C30AE68FB}.Debug|Any CPU.Build.0 = Debug|Any CPU
		{F05606A1-6BEA-4C85-A1F9-D99C30AE68FB}.Release|Any CPU.ActiveCfg = Release|Any CPU
		{F05606A1-6BEA-4C85-A1F9-D99C30AE68FB}.Release|Any CPU.Build.0 = Release|Any CPU
	EndGlobalSection
	GlobalSection(SolutionProperties) = preSolution
		HideSolutionNode = FALSE
	EndGlobalSection
	GlobalSection(ExtensibilityGlobals) = postSolution
		SolutionGuid = {3362E091-4E46-44C3-AFFB-815CB4BA64D5}
	EndGlobalSection
EndGlobal
